
Microsoft Visual Studio Solution File, Format Version 11.00
# Visual Studio 2010
Project("{FAE04EC0-301F-11D3-BF4B-00C04F79EFBC}") = "photo-moving-day", "photo-moving-day\photo-categorize.csproj", "{4D0128BF-7D2A-476E-BC99-6F165505D4DB}"
EndProject
Global
	GlobalSection(SolutionConfigurationPlatforms) = preSolution
		Debug|x86 = Debug|x86
		Release|x86 = Release|x86
	EndGlobalSection
	GlobalSection(ProjectConfigurationPlatforms) = postSolution
		{4D0128BF-7D2A-476E-BC99-6F165505D4DB}.Debug|x86.ActiveCfg = Debug|x86
		{4D0128BF-7D2A-476E-BC99-6F165505D4DB}.Debug|x86.Build.0 = Debug|x86
		{4D0128BF-7D2A-476E-BC99-6F165505D4DB}.Release|x86.ActiveCfg = Release|x86
		{4D0128BF-7D2A-476E-BC99-6F165505D4DB}.Release|x86.Build.0 = Release|x86
	EndGlobalSection
	GlobalSection(SolutionProperties) = preSolution
		HideSolutionNode = FALSE
	EndGlobalSection
EndGlobal
